
Microsoft Visual Studio Solution File, Format Version 12.00
# Visual Studio Version 17
VisualStudioVersion = 17.3.32825.248
MinimumVisualStudioVersion = 10.0.40219.1
Project("{FAE04EC0-301F-11D3-BF4B-00C04F79EFBC}") = "XCannon", "XCannon.csproj", "{00AD27AA-9378-48D3-8598-11E70A8DAF0F}"
EndProject
Global
	GlobalSection(SolutionConfigurationPlatforms) = preSolution
		Debug|Any CPU = Debug|Any CPU
		Release|Any CPU = Release|Any CPU
	EndGlobalSection
	GlobalSection(ProjectConfigurationPlatforms) = postSolution
		{00AD27AA-9378-48D3-8598-11E70A8DAF0F}.Debug|Any CPU.ActiveCfg = Debug|Any CPU
		{00AD27AA-9378-48D3-8598-11E70A8DAF0F}.Debug|Any CPU.Build.0 = Debug|Any CPU
		{00AD27AA-9378-48D3-8598-11E70A8DAF0F}.Release|Any CPU.ActiveCfg = Release|Any CPU
		{00AD27AA-9378-48D3-8598-11E70A8DAF0F}.Release|Any CPU.Build.0 = Release|Any CPU
	EndGlobalSection
	GlobalSection(SolutionProperties) = preSolution
		HideSolutionNode = FALSE
	EndGlobalSection
	GlobalSection(ExtensibilityGlobals) = postSolution
		SolutionGuid = {3A31C8C1-F147-4134-BB3B-FEAB82252830}
	EndGlobalSection
EndGlobal
